
Microsoft Visual Studio Solution File, Format Version 12.00
# Visual Studio Version 16
VisualStudioVersion = 16.0.31112.23
MinimumVisualStudioVersion = 10.0.40219.1
Project("{FAE04EC0-301F-11D3-BF4B-00C04F79EFBC}") = "insert_user", "insert_user\insert_user.csproj", "{6E9B40D2-8FB6-4838-9194-BA7B3D413FAA}"
EndProject
Global
	GlobalSection(SolutionConfigurationPlatforms) = preSolution
		Debug|Any CPU = Debug|Any CPU
		Release|Any CPU = Release|Any CPU
	EndGlobalSection
	GlobalSection(ProjectConfigurationPlatforms) = postSolution
		{6E9B40D2-8FB6-4838-9194-BA7B3D413FAA}.Debug|Any CPU.ActiveCfg = Debug|Any CPU
		{6E9B40D2-8FB6-4838-9194-BA7B3D413FAA}.Debug|Any CPU.Build.0 = Debug|Any CPU
		{6E9B40D2-8FB6-4838-9194-BA7B3D413FAA}.Release|Any CPU.ActiveCfg = Release|Any CPU
		{6E9B40D2-8FB6-4838-9194-BA7B3D413FAA}.Release|Any CPU.Build.0 = Release|Any CPU
	EndGlobalSection
	GlobalSection(SolutionProperties) = preSolution
		HideSolutionNode = FALSE
	EndGlobalSection
	GlobalSection(ExtensibilityGlobals) = postSolution
		SolutionGuid = {D9D21D60-1E0A-469A-A32C-57C6599E4389}
	EndGlobalSection
EndGlobal
